github.com/piniondb/store v1.0.0 h1:cym75Xy/raRXOtYRJ9VbcX/LlggUUNR1cU8/FWWd5fI=
github.com/piniondb/store v1.0.0/go.mod h1:Yp8iV2avNPcyRY/Th2TywslRqsn3z5LDpA0jWOMaaOY=
github.com/piniondb/str v1.0.7 h1:vZf6OKeoczAnW9iSYIKaNcIbIsC+yfGR84e0PZwk0oA=
github.com/piniondb/str v1.0.7/go.mod h1:gYqrC8886BOeKv5fltvmSmPbj9uQ4W6aefvU9MXqHr8=
go.etcd.io/bbolt v1.3.6 h1:/ecaJf0sk1l4l6V4awd65v2C3ILy7MSj+s/x1ADCIMU=
go.etcd.io/bbolt v1.3.6/go.mod h1:qXsaaIqmgQH0T+OPdb99Bf+PKfBBQVAdyD6TY9G8XM4=
golang.org/x/sys v0.0.0-20200923182605-d9f96fdee20d h1:L/IKR6COd7ubZrs2oTnTi73IhgqJ71c9s80WsQnh0Es=
golang.org/x/sys v0.0.0-20200923182605-d9f96fdee20d/go.mod h1:h1NjWce9XRLGQEsW7wpKNCjG9DtNlClVuFLEZdDNbEs=
